
Microsoft Visual Studio Solution File, Format Version 12.00
# Visual Studio Version 16
VisualStudioVersion = 16.0.31729.503
MinimumVisualStudioVersion = 10.0.40219.1
Project("{FAE04EC0-301F-11D3-BF4B-00C04F79EFBC}") = "bt7", "bt7\bt7.csproj", "{B4DBE5F3-8823-412D-9E2C-9FDB8806270C}"
EndProject
Global
	GlobalSection(SolutionConfigurationPlatforms) = preSolution
		Debug|Any CPU = Debug|Any CPU
		Release|Any CPU = Release|Any CPU
	EndGlobalSection
	GlobalSection(ProjectConfigurationPlatforms) = postSolution
		{B4DBE5F3-8823-412D-9E2C-9FDB8806270C}.Debug|Any CPU.ActiveCfg = Debug|Any CPU
		{B4DBE5F3-8823-412D-9E2C-9FDB8806270C}.Debug|Any CPU.Build.0 = Debug|Any CPU
		{B4DBE5F3-8823-412D-9E2C-9FDB8806270C}.Release|Any CPU.ActiveCfg = Release|Any CPU
		{B4DBE5F3-8823-412D-9E2C-9FDB8806270C}.Release|Any CPU.Build.0 = Release|Any CPU
	EndGlobalSection
	GlobalSection(SolutionProperties) = preSolution
		HideSolutionNode = FALSE
	EndGlobalSection
	GlobalSection(ExtensibilityGlobals) = postSolution
		SolutionGuid = {F1FECCC1-8B3E-4500-A71A-3FC6D451DAB9}
	EndGlobalSection
EndGlobal
