
Microsoft Visual Studio Solution File, Format Version 12.00
# Visual Studio Version 16
VisualStudioVersion = 16.0.31729.503
MinimumVisualStudioVersion = 10.0.40219.1
Project("{FAE04EC0-301F-11D3-BF4B-00C04F79EFBC}") = "bt3", "bt3\bt3.csproj", "{2430A0B0-17FE-419B-902F-05B987F420EC}"
EndProject
Global
	GlobalSection(SolutionConfigurationPlatforms) = preSolution
		Debug|Any CPU = Debug|Any CPU
		Release|Any CPU = Release|Any CPU
	EndGlobalSection
	GlobalSection(ProjectConfigurationPlatforms) = postSolution
		{2430A0B0-17FE-419B-902F-05B987F420EC}.Debug|Any CPU.ActiveCfg = Debug|Any CPU
		{2430A0B0-17FE-419B-902F-05B987F420EC}.Debug|Any CPU.Build.0 = Debug|Any CPU
		{2430A0B0-17FE-419B-902F-05B987F420EC}.Release|Any CPU.ActiveCfg = Release|Any CPU
		{2430A0B0-17FE-419B-902F-05B987F420EC}.Release|Any CPU.Build.0 = Release|Any CPU
	EndGlobalSection
	GlobalSection(SolutionProperties) = preSolution
		HideSolutionNode = FALSE
	EndGlobalSection
	GlobalSection(ExtensibilityGlobals) = postSolution
		SolutionGuid = {4EF2D5E7-8366-4C9F-8BEF-14614CBBF795}
	EndGlobalSection
EndGlobal
