
Microsoft Visual Studio Solution File, Format Version 12.00
# Visual Studio Version 16
VisualStudioVersion = 16.0.31729.503
MinimumVisualStudioVersion = 10.0.40219.1
Project("{FAE04EC0-301F-11D3-BF4B-00C04F79EFBC}") = "bt2", "bt2\bt2.csproj", "{2FD29CB9-A813-4E30-A8DD-370EE895E3CB}"
EndProject
Global
	GlobalSection(SolutionConfigurationPlatforms) = preSolution
		Debug|Any CPU = Debug|Any CPU
		Release|Any CPU = Release|Any CPU
	EndGlobalSection
	GlobalSection(ProjectConfigurationPlatforms) = postSolution
		{2FD29CB9-A813-4E30-A8DD-370EE895E3CB}.Debug|Any CPU.ActiveCfg = Debug|Any CPU
		{2FD29CB9-A813-4E30-A8DD-370EE895E3CB}.Debug|Any CPU.Build.0 = Debug|Any CPU
		{2FD29CB9-A813-4E30-A8DD-370EE895E3CB}.Release|Any CPU.ActiveCfg = Release|Any CPU
		{2FD29CB9-A813-4E30-A8DD-370EE895E3CB}.Release|Any CPU.Build.0 = Release|Any CPU
	EndGlobalSection
	GlobalSection(SolutionProperties) = preSolution
		HideSolutionNode = FALSE
	EndGlobalSection
	GlobalSection(ExtensibilityGlobals) = postSolution
		SolutionGuid = {D2C86E1F-1378-46B1-A35E-4ED4E81194F2}
	EndGlobalSection
EndGlobal
