
Microsoft Visual Studio Solution File, Format Version 12.00
# Visual Studio Version 16
VisualStudioVersion = 16.0.31729.503
MinimumVisualStudioVersion = 10.0.40219.1
Project("{FAE04EC0-301F-11D3-BF4B-00C04F79EFBC}") = "bt1", "bt1\bt1.csproj", "{C070BF16-28B9-49BE-A841-971577C09F19}"
EndProject
Global
	GlobalSection(SolutionConfigurationPlatforms) = preSolution
		Debug|Any CPU = Debug|Any CPU
		Release|Any CPU = Release|Any CPU
	EndGlobalSection
	GlobalSection(ProjectConfigurationPlatforms) = postSolution
		{C070BF16-28B9-49BE-A841-971577C09F19}.Debug|Any CPU.ActiveCfg = Debug|Any CPU
		{C070BF16-28B9-49BE-A841-971577C09F19}.Debug|Any CPU.Build.0 = Debug|Any CPU
		{C070BF16-28B9-49BE-A841-971577C09F19}.Release|Any CPU.ActiveCfg = Release|Any CPU
		{C070BF16-28B9-49BE-A841-971577C09F19}.Release|Any CPU.Build.0 = Release|Any CPU
	EndGlobalSection
	GlobalSection(SolutionProperties) = preSolution
		HideSolutionNode = FALSE
	EndGlobalSection
	GlobalSection(ExtensibilityGlobals) = postSolution
		SolutionGuid = {7B673881-BD84-40CC-9330-D74B8DA2195C}
	EndGlobalSection
EndGlobal
