
Microsoft Visual Studio Solution File, Format Version 12.00
# Visual Studio Version 16
VisualStudioVersion = 16.0.31729.503
MinimumVisualStudioVersion = 10.0.40219.1
Project("{FAE04EC0-301F-11D3-BF4B-00C04F79EFBC}") = "bt5", "bt5\bt5.csproj", "{46550F3A-6737-4E88-99F9-9D6675270DFC}"
EndProject
Global
	GlobalSection(SolutionConfigurationPlatforms) = preSolution
		Debug|Any CPU = Debug|Any CPU
		Release|Any CPU = Release|Any CPU
	EndGlobalSection
	GlobalSection(ProjectConfigurationPlatforms) = postSolution
		{46550F3A-6737-4E88-99F9-9D6675270DFC}.Debug|Any CPU.ActiveCfg = Debug|Any CPU
		{46550F3A-6737-4E88-99F9-9D6675270DFC}.Debug|Any CPU.Build.0 = Debug|Any CPU
		{46550F3A-6737-4E88-99F9-9D6675270DFC}.Release|Any CPU.ActiveCfg = Release|Any CPU
		{46550F3A-6737-4E88-99F9-9D6675270DFC}.Release|Any CPU.Build.0 = Release|Any CPU
	EndGlobalSection
	GlobalSection(SolutionProperties) = preSolution
		HideSolutionNode = FALSE
	EndGlobalSection
	GlobalSection(ExtensibilityGlobals) = postSolution
		SolutionGuid = {BA173CB0-A306-4E61-AFAF-39AAD10F2E65}
	EndGlobalSection
EndGlobal
